
Microsoft Visual Studio Solution File, Format Version 12.00
# Visual Studio Version 17
VisualStudioVersion = 17.3.32819.101
MinimumVisualStudioVersion = 10.0.40219.1
Project("{FAE04EC0-301F-11D3-BF4B-00C04F79EFBC}") = "Dibujar cosas", "Dibujar cosas\Dibujar cosas.csproj", "{6E20CCE7-954D-4279-B536-45BB183F5339}"
EndProject
Global
	GlobalSection(SolutionConfigurationPlatforms) = preSolution
		Debug|Any CPU = Debug|Any CPU
		Release|Any CPU = Release|Any CPU
	EndGlobalSection
	GlobalSection(ProjectConfigurationPlatforms) = postSolution
		{6E20CCE7-954D-4279-B536-45BB183F5339}.Debug|Any CPU.ActiveCfg = Debug|Any CPU
		{6E20CCE7-954D-4279-B536-45BB183F5339}.Debug|Any CPU.Build.0 = Debug|Any CPU
		{6E20CCE7-954D-4279-B536-45BB183F5339}.Release|Any CPU.ActiveCfg = Release|Any CPU
		{6E20CCE7-954D-4279-B536-45BB183F5339}.Release|Any CPU.Build.0 = Release|Any CPU
	EndGlobalSection
	GlobalSection(SolutionProperties) = preSolution
		HideSolutionNode = FALSE
	EndGlobalSection
	GlobalSection(ExtensibilityGlobals) = postSolution
		SolutionGuid = {79BAF2A7-008F-4771-B968-804585A41B9B}
	EndGlobalSection
EndGlobal
